
Microsoft Visual Studio Solution File, Format Version 12.00
# Visual Studio 2012
Project("{FAE04EC0-301F-11D3-BF4B-00C04F79EFBC}") = "Nagarro.NugetFeeder", "Nagarro.NugetFeeder\Nagarro.NugetFeeder.csproj", "{7DC96128-6D5F-4567-ADD9-B94BA5E6618A}"
EndProject
Global
	GlobalSection(SolutionConfigurationPlatforms) = preSolution
		Debug|Any CPU = Debug|Any CPU
		Release|Any CPU = Release|Any CPU
	EndGlobalSection
	GlobalSection(ProjectConfigurationPlatforms) = postSolution
		{7DC96128-6D5F-4567-ADD9-B94BA5E6618A}.Debug|Any CPU.ActiveCfg = Debug|Any CPU
		{7DC96128-6D5F-4567-ADD9-B94BA5E6618A}.Debug|Any CPU.Build.0 = Debug|Any CPU
		{7DC96128-6D5F-4567-ADD9-B94BA5E6618A}.Release|Any CPU.ActiveCfg = Release|Any CPU
		{7DC96128-6D5F-4567-ADD9-B94BA5E6618A}.Release|Any CPU.Build.0 = Release|Any CPU
	EndGlobalSection
	GlobalSection(SolutionProperties) = preSolution
		HideSolutionNode = FALSE
	EndGlobalSection
EndGlobal
